
Microsoft Visual Studio Solution File, Format Version 12.00
# Visual Studio 15
VisualStudioVersion = 15.0.28307.572
MinimumVisualStudioVersion = 10.0.40219.1
Project("{FAE04EC0-301F-11D3-BF4B-00C04F79EFBC}") = "NinjaPlus-NET", "NinjaPlus-NET\NinjaPlus-NET.csproj", "{75848904-2421-445F-98B6-617A89E9874B}"
EndProject
Global
	GlobalSection(SolutionConfigurationPlatforms) = preSolution
		Debug|Any CPU = Debug|Any CPU
		Release|Any CPU = Release|Any CPU
	EndGlobalSection
	GlobalSection(ProjectConfigurationPlatforms) = postSolution
		{75848904-2421-445F-98B6-617A89E9874B}.Debug|Any CPU.ActiveCfg = Debug|Any CPU
		{75848904-2421-445F-98B6-617A89E9874B}.Debug|Any CPU.Build.0 = Debug|Any CPU
		{75848904-2421-445F-98B6-617A89E9874B}.Release|Any CPU.ActiveCfg = Release|Any CPU
		{75848904-2421-445F-98B6-617A89E9874B}.Release|Any CPU.Build.0 = Release|Any CPU
	EndGlobalSection
	GlobalSection(SolutionProperties) = preSolution
		HideSolutionNode = FALSE
	EndGlobalSection
	GlobalSection(ExtensibilityGlobals) = postSolution
		SolutionGuid = {930093D7-B55C-4581-8922-A60AB320CF5B}
	EndGlobalSection
EndGlobal
